// !$*UTF8*$!
{
	archiveVersion = 1;
	classes = {
	};
	objectVersion = 46;
	objects = {

/* Begin PBXBuildFile section */
		ACFBFF291D5368960021AA1E /* AppDelegate.swift in Sources */ = {isa = PBXBuildFile; fileRef = ACFBFF281D5368960021AA1E /* AppDelegate.swift */; };
		ACFBFF2B1D5368960021AA1E /* ViewController.swift in Sources */ = {isa = PBXBuildFile; fileRef = ACFBFF2A1D5368960021AA1E /* ViewController.swift */; };
		ACFBFF2E1D5368960021AA1E /* Main.storyboard in Resources */ = {isa = PBXBuildFile; fileRef = ACFBFF2C1D5368960021AA1E /* Main.storyboard */; };
		ACFBFF301D5368960021AA1E /* Assets.xcassets in Resources */ = {isa = PBXBuildFile; fileRef = ACFBFF2F1D5368960021AA1E /* Assets.xcassets */; };
		ACFBFF331D5368960021AA1E /* LaunchScreen.storyboard in Resources */ = {isa = PBXBuildFile; fileRef = ACFBFF311D5368960021AA1E /* LaunchScreen.storyboard */; };
/* End PBXBuildFile section */

/* Begin PBXFileReference section */
		ACFBFF251D5368960021AA1E /* GitFunPushandPull.app */ = {isa = PBXFileReference; explicitFileType = wrapper.application; includeInIndex = 0; path = GitFunPushandPull.app; sourceTree = BUILT_PRODUCTS_DIR; };
		ACFBFF281D5368960021AA1E /* AppDelegate.swift */ = {isa = PBXFileReference; lastKnownFileType = sourcecode.swift; path = AppDelegate.swift; sourceTree = "<group>"; };
		ACFBFF2A1D5368960021AA1E /* ViewController.swift */ = {isa = PBXFileReference; lastKnownFileType = sourcecode.swift; path = ViewController.swift; sourceTree = "<group>"; };
		ACFBFF2D1D5368960021AA1E /* Base */ = {isa = PBXFileReference; lastKnownFileType = file.storyboard; name = Base; path = Base.lproj/Main.storyboard; sourceTree = "<group>"; };
		ACFBFF2F1D5368960021AA1E /* Assets.xcassets */ = {isa = PBXFileReference; lastKnownFileType = folder.assetcatalog; path = Assets.xcassets; sourceTree = "<group>"; };
		ACFBFF321D5368960021AA1E /* Base */ = {isa = PBXFileReference; lastKnownFileType = file.storyboard; name = Base; path = Base.lproj/LaunchScreen.storyboard; sourceTree = "<group>"; };
		ACFBFF341D5368960021AA1E /* Info.plist */ = {isa = PBXFileReference; lastKnownFileType = text.plist.xml; path = Info.plist; sourceTree = "<group>"; };
/* End PBXFileReference section */

/* Begin PBXFrameworksBuildPhase section */
		ACFBFF221D5368960021AA1E /* Frameworks */ = {
			isa = PBXFrameworksBuildPhase;
			buildActionMask = 2147483647;
			files = (
			);
			runOnlyForDeploymentPostprocessing = 0;
		};
/* End PBXFrameworksBuildPhase section */

/* Begin PBXGroup section */
		ACFBFF1C1D5368960021AA1E = {
			isa = PBXGroup;
			children = (
				ACFBFF271D5368960021AA1E /* GitFunPushandPull */,
				ACFBFF261D5368960021AA1E /* Products */,
			);
			sourceTree = "<group>";
		};
		ACFBFF261D5368960021AA1E /* Products */ = {
			isa = PBXGroup;
			children = (
				ACFBFF251D5368960021AA1E /* GitFunPushandPull.app */,
			);
			name = Products;
			sourceTree = "<group>";
		};
		ACFBFF271D5368960021AA1E /* GitFunPushandPull */ = {
			isa = PBXGroup;
			children = (
				ACFBFF281D5368960021AA1E /* AppDelegate.swift */,
				ACFBFF2A1D5368960021AA1E /* ViewController.swift */,
				ACFBFF2C1D5368960021AA1E /* Main.storyboard */,
				ACFBFF2F1D5368960021AA1E /* Assets.xcassets */,
				ACFBFF311D5368960021AA1E /* LaunchScreen.storyboard */,
				ACFBFF341D5368960021AA1E /* Info.plist */,
			);
			path = GitFunPushandPull;
			sourceTree = "<group>";
		};
/* End PBXGroup section */

/* Begin PBXNativeTarget section */
		ACFBFF241D5368960021AA1E /* GitFunPushandPull */ = {
			isa = PBXNativeTarget;
			buildConfigurationList = ACFBFF371D5368960021AA1E /* Build configuration list for PBXNativeTarget "GitFunPushandPull" */;
			buildPhases = (
				ACFBFF211D5368960021AA1E /* Sources */,
				ACFBFF221D5368960021AA1E /* Frameworks */,
				ACFBFF231D5368960021AA1E /* Resources */,
			);
			buildRules = (
			);
			dependencies = (
			);
			name = GitFunPushandPull;
			productName = GitFunPushandPull;
			productReference = ACFBFF251D5368960021AA1E /* GitFunPushandPull.app */;
			productType = "com.apple.product-type.application";
		};
/* End PBXNativeTarget section */

/* Begin PBXProject section */
		ACFBFF1D1D5368960021AA1E /* Project object */ = {
			isa = PBXProject;
			attributes = {
				LastSwiftUpdateCheck = 0800;
				LastUpgradeCheck = 0800;
				ORGANIZATIONNAME = "Duane Snelling";
				TargetAttributes = {
					ACFBFF241D5368960021AA1E = {
						CreatedOnToolsVersion = 8.0;
						ProvisioningStyle = Automatic;
					};
				};
			};
			buildConfigurationList = ACFBFF201D5368960021AA1E /* Build configuration list for PBXProject "GitFunPushandPull" */;
			compatibilityVersion = "Xcode 3.2";
			developmentRegion = English;
			hasScannedForEncodings = 0;
			knownRegions = (
				en,
				Base,
			);
			mainGroup = ACFBFF1C1D5368960021AA1E;
			productRefGroup = ACFBFF261D5368960021AA1E /* Products */;
			projectDirPath = "";
			projectRoot = "";
			targets = (
				ACFBFF241D5368960021AA1E /* GitFunPushandPull */,
			);
		};
/* End PBXProject section */

/* Begin PBXResourcesBuildPhase section */
		ACFBFF231D5368960021AA1E /* Resources */ = {
			isa = PBXResourcesBuildPhase;
			buildActionMask = 2147483647;
			files = (
				ACFBFF331D5368960021AA1E /* LaunchScreen.storyboard in Resources */,
				ACFBFF301D5368960021AA1E /* Assets.xcassets in Resources */,
				ACFBFF2E1D5368960021AA1E /* Main.storyboard in Resources */,
			);
			runOnlyForDeploymentPostprocessing = 0;
		};
/* End PBXResourcesBuildPhase section */

/* Begin PBXSourcesBuildPhase section */
		ACFBFF211D5368960021AA1E /* Sources */ = {
			isa = PBXSourcesBuildPhase;
			buildActionMask = 2147483647;
			files = (
				ACFBFF2B1D5368960021AA1E /* ViewController.swift in Sources */,
				ACFBFF291D5368960021AA1E /* AppDelegate.swift in Sources */,
			);
			runOnlyForDeploymentPostprocessing = 0;
		};
/* End PBXSourcesBuildPhase section */

/* Begin PBXVariantGroup section */
		ACFBFF2C1D5368960021AA1E /* Main.storyboard */ = {
			isa = PBXVariantGroup;
			children = (
				ACFBFF2D1D5368960021AA1E /* Base */,
			);
			name = Main.storyboard;
			sourceTree = "<group>";
		};
		ACFBFF311D5368960021AA1E /* LaunchScreen.storyboard */ = {
			isa = PBXVariantGroup;
			children = (
				ACFBFF321D5368960021AA1E /* Base */,
			);
			name = LaunchScreen.storyboard;
			sourceTree = "<group>";
		};
/* End PBXVariantGroup section */

/* Begin XCBuildConfiguration section */
		ACFBFF351D5368960021AA1E /* Debug */ = {
			isa = XCBuildConfiguration;
			buildSettings = {
				ALWAYS_SEARCH_USER_PATHS = NO;
				CLANG_ANALYZER_NONNULL = YES;
				CLANG_CXX_LANGUAGE_STANDARD = "gnu++0x";
				CLANG_CXX_LIBRARY = "libc++";
				CLANG_ENABLE_MODULES = YES;
				CLANG_ENABLE_OBJC_ARC = YES;
				CLANG_WARN_BOOL_CONVERSION = YES;
				CLANG_WARN_CONSTANT_CONVERSION = YES;
				CLANG_WARN_DIRECT_OBJC_ISA_USAGE = YES_ERROR;
				CLANG_WARN_DOCUMENTATION_COMMENTS = YES;
				CLANG_WARN_EMPTY_BODY = YES;
				CLANG_WARN_ENUM_CONVERSION = YES;
				CLANG_WARN_INFINITE_RECURSION = YES;
				CLANG_WARN_INT_CONVERSION = YES;
				CLANG_WARN_OBJC_ROOT_CLASS = YES_ERROR;
				CLANG_WARN_SUSPICIOUS_MOVES = YES;
				CLANG_WARN_UNREACHABLE_CODE = YES;
				CLANG_WARN__DUPLICATE_METHOD_MATCH = YES;
				"CODE_SIGN_IDENTITY[sdk=iphoneos*]" = "iPhone Developer";
				COPY_PHASE_STRIP = NO;
				DEBUG_INFORMATION_FORMAT = dwarf;
				ENABLE_STRICT_OBJC_MSGSEND = YES;
				ENABLE_TESTABILITY = YES;
				GCC_C_LANGUAGE_STANDARD = gnu99;
				GCC_DYNAMIC_NO_PIC = NO;
				GCC_NO_COMMON_BLOCKS = YES;
				GCC_OPTIMIZATION_LEVEL = 0;
				GCC_PREPROCESSOR_DEFINITIONS = (
					"DEBUG=1",
					"$(inherited)",
				);
				GCC_WARN_64_TO_32_BIT_CONVERSION = YES;
				GCC_WARN_ABOUT_RETURN_TYPE = YES_ERROR;
				GCC_WARN_UNDECLARED_SELECTOR = YES;
				GCC_WARN_UNINITIALIZED_AUTOS = YES_AGGRESSIVE;
				GCC_WARN_UNUSED_FUNCTION = YES;
				GCC_WARN_UNUSED_VARIABLE = YES;
				IPHONEOS_DEPLOYMENT_TARGET = 10.0;
				MTL_ENABLE_DEBUG_INFO = YES;
				ONLY_ACTIVE_ARCH = YES;
				SDKROOT = iphoneos;
				SWIFT_ACTIVE_COMPILATION_CONDITIONS = DEBUG;
				SWIFT_OPTIMIZATION_LEVEL = "-Onone";
			};
			name = Debug;
		};
		ACFBFF361D5368960021AA1E /* Release */ = {
			isa = XCBuildConfiguration;
			buildSettings = {
				ALWAYS_SEARCH_USER_PATHS = NO;
				CLANG_ANALYZER_NONNULL = YES;
				CLANG_CXX_LANGUAGE_STANDARD = "gnu++0x";
				CLANG_CXX_LIBRARY = "libc++";
				CLANG_ENABLE_MODULES = YES;
				CLANG_ENABLE_OBJC_ARC = YES;
				CLANG_WARN_BOOL_CONVERSION = YES;
				CLANG_WARN_CONSTANT_CONVERSION = YES;
				CLANG_WARN_DIRECT_OBJC_ISA_USAGE = YES_ERROR;
				CLANG_WARN_DOCUMENTATION_COMMENTS = YES;
				CLANG_WARN_EMPTY_BODY = YES;
				CLANG_WARN_ENUM_CONVERSION = YES;
				CLANG_WARN_INFINITE_RECURSION = YES;
				CLANG_WARN_INT_CONVERSION = YES;
				CLANG_WARN_OBJC_ROOT_CLASS = YES_ERROR;
				CLANG_WARN_SUSPICIOUS_MOVES = YES;
				CLANG_WARN_UNREACHABLE_CODE = YES;
				CLANG_WARN__DUPLICATE_METHOD_MATCH = YES;
				"CODE_SIGN_IDENTITY[sdk=iphoneos*]" = "iPhone Developer";
				COPY_PHASE_STRIP = NO;
				DEBUG_INFORMATION_FORMAT = "dwarf-with-dsym";
				ENABLE_NS_ASSERTIONS = NO;
				ENABLE_STRICT_OBJC_MSGSEND = YES;
				GCC_C_LANGUAGE_STANDARD = gnu99;
				GCC_NO_COMMON_BLOCKS = YES;
				GCC_WARN_64_TO_32_BIT_CONVERSION = YES;
				GCC_WARN_ABOUT_RETURN_TYPE = YES_ERROR;
				GCC_WARN_UNDECLARED_SELECTOR = YES;
				GCC_WARN_UNINITIALIZED_AUTOS = YES_AGGRESSIVE;
				GCC_WARN_UNUSED_FUNCTION = YES;
				GCC_WARN_UNUSED_VARIABLE = YES;
				IPHONEOS_DEPLOYMENT_TARGET = 10.0;
				MTL_ENABLE_DEBUG_INFO = NO;
				SDKROOT = iphoneos;
				SWIFT_OPTIMIZATION_LEVEL = "-Owholemodule";
				VALIDATE_PRODUCT = YES;
			};
			name = Release;
		};
		ACFBFF381D5368960021AA1E /* Debug */ = {
			isa = XCBuildConfiguration;
			buildSettings = {
				ASSETCATALOG_COMPILER_APPICON_NAME = AppIcon;
				INFOPLIST_FILE = GitFunPushandPull/Info.plist;
				LD_RUNPATH_SEARCH_PATHS = "$(inherited) @executable_path/Frameworks";
				PRODUCT_BUNDLE_IDENTIFIER = edu.duanesnelling.GitFunPushandPull;
				PRODUCT_NAME = "$(TARGET_NAME)";
				SWIFT_VERSION = 3.0;
			};
			name = Debug;
		};
		ACFBFF391D5368960021AA1E /* Release */ = {
			isa = XCBuildConfiguration;
			buildSettings = {
				ASSETCATALOG_COMPILER_APPICON_NAME = AppIcon;
				INFOPLIST_FILE = GitFunPushandPull/Info.plist;
				LD_RUNPATH_SEARCH_PATHS = "$(inherited) @executable_path/Frameworks";
				PRODUCT_BUNDLE_IDENTIFIER = edu.duanesnelling.GitFunPushandPull;
				PRODUCT_NAME = "$(TARGET_NAME)";
				SWIFT_VERSION = 3.0;
			};
			name = Release;
		};
/* End XCBuildConfiguration section */

/* Begin XCConfigurationList section */
		ACFBFF201D5368960021AA1E /* Build configuration list for PBXProject "GitFunPushandPull" */ = {
			isa = XCConfigurationList;
			buildConfigurations = (
				ACFBFF351D5368960021AA1E /* Debug */,
				ACFBFF361D5368960021AA1E /* Release */,
			);
			defaultConfigurationIsVisible = 0;
			defaultConfigurationName = Release;
		};
		ACFBFF371D5368960021AA1E /* Build configuration list for PBXNativeTarget "GitFunPushandPull" */ = {
			isa = XCConfigurationList;
			buildConfigurations = (
				ACFBFF381D5368960021AA1E /* Debug */,
				ACFBFF391D5368960021AA1E /* Release */,
			);
			defaultConfigurationIsVisible = 0;
		};
/* End XCConfigurationList section */
	};
	rootObject = ACFBFF1D1D5368960021AA1E /* Project object */;
}
